
Microsoft Visual Studio Solution File, Format Version 12.00
# Visual Studio Version 17
VisualStudioVersion = 17.14.37027.9
MinimumVisualStudioVersion = 10.0.40219.1
Project("{FAE04EC0-301F-11D3-BF4B-00C04F79EFBC}") = "MarsRover", "MarsRover.csproj", "{C47F0F74-1516-482A-8476-1A09A77083D4}"
EndProject
Project("{FAE04EC0-301F-11D3-BF4B-00C04F79EFBC}") = "MarsRover.Tests", "..\MarsRover.Tests\MarsRover.Tests.csproj", "{4C826389-4EA0-4B3A-BE61-E95398F3BE3A}"
EndProject
Project("{FAE04EC0-301F-11D3-BF4B-00C04F79EFBC}") = "MarsRoverRunner", "..\MarsRoverRunner\MarsRoverRunner.csproj", "{A16FF319-C88A-4E4C-9FA3-8F1598E0EEE6}"
EndProject
Global
	GlobalSection(SolutionConfigurationPlatforms) = preSolution
		Debug|Any CPU = Debug|Any CPU
		Release|Any CPU = Release|Any CPU
	EndGlobalSection
	GlobalSection(ProjectConfigurationPlatforms) = postSolution
		{C47F0F74-1516-482A-8476-1A09A77083D4}.Debug|Any CPU.ActiveCfg = Debug|Any CPU
		{C47F0F74-1516-482A-8476-1A09A77083D4}.Debug|Any CPU.Build.0 = Debug|Any CPU
		{C47F0F74-1516-482A-8476-1A09A77083D4}.Release|Any CPU.ActiveCfg = Release|Any CPU
		{C47F0F74-1516-482A-8476-1A09A77083D4}.Release|Any CPU.Build.0 = Release|Any CPU
		{4C826389-4EA0-4B3A-BE61-E95398F3BE3A}.Debug|Any CPU.ActiveCfg = Debug|Any CPU
		{4C826389-4EA0-4B3A-BE61-E95398F3BE3A}.Debug|Any CPU.Build.0 = Debug|Any CPU
		{4C826389-4EA0-4B3A-BE61-E95398F3BE3A}.Release|Any CPU.ActiveCfg = Release|Any CPU
		{4C826389-4EA0-4B3A-BE61-E95398F3BE3A}.Release|Any CPU.Build.0 = Release|Any CPU
		{A16FF319-C88A-4E4C-9FA3-8F1598E0EEE6}.Debug|Any CPU.ActiveCfg = Debug|Any CPU
		{A16FF319-C88A-4E4C-9FA3-8F1598E0EEE6}.Debug|Any CPU.Build.0 = Debug|Any CPU
		{A16FF319-C88A-4E4C-9FA3-8F1598E0EEE6}.Release|Any CPU.ActiveCfg = Release|Any CPU
		{A16FF319-C88A-4E4C-9FA3-8F1598E0EEE6}.Release|Any CPU.Build.0 = Release|Any CPU
	EndGlobalSection
	GlobalSection(SolutionProperties) = preSolution
		HideSolutionNode = FALSE
	EndGlobalSection
	GlobalSection(ExtensibilityGlobals) = postSolution
		SolutionGuid = {4A9014F7-96A5-4F92-997C-2D5756685A07}
	EndGlobalSection
EndGlobal
